
Microsoft Visual Studio Solution File, Format Version 12.00
# Visual Studio Version 17
VisualStudioVersion = 17.5.002.0
MinimumVisualStudioVersion = 10.0.40219.1
Project("{9A19103F-16F7-4668-BE54-9A1E7A4F7556}") = "GamesLibrary", "GamesLibrary.csproj", "{BB330FE8-F2E1-4EE3-A49F-A48A368997D5}"
EndProject
Global
	GlobalSection(SolutionConfigurationPlatforms) = preSolution
		Debug|Any CPU = Debug|Any CPU
		Release|Any CPU = Release|Any CPU
	EndGlobalSection
	GlobalSection(ProjectConfigurationPlatforms) = postSolution
		{BB330FE8-F2E1-4EE3-A49F-A48A368997D5}.Debug|Any CPU.ActiveCfg = Debug|Any CPU
		{BB330FE8-F2E1-4EE3-A49F-A48A368997D5}.Debug|Any CPU.Build.0 = Debug|Any CPU
		{BB330FE8-F2E1-4EE3-A49F-A48A368997D5}.Release|Any CPU.ActiveCfg = Release|Any CPU
		{BB330FE8-F2E1-4EE3-A49F-A48A368997D5}.Release|Any CPU.Build.0 = Release|Any CPU
	EndGlobalSection
	GlobalSection(SolutionProperties) = preSolution
		HideSolutionNode = FALSE
	EndGlobalSection
	GlobalSection(ExtensibilityGlobals) = postSolution
		SolutionGuid = {3903D804-4B3A-47B5-8BAE-FF23349CCB7B}
	EndGlobalSection
EndGlobal
